
Microsoft Visual Studio Solution File, Format Version 12.00
# Visual Studio Version 17
VisualStudioVersion = 17.12.35707.178
MinimumVisualStudioVersion = 10.0.40219.1
Project("{FAE04EC0-301F-11D3-BF4B-00C04F79EFBC}") = "Task2", "Task2.csproj", "{95AF8BD6-1A32-4802-B230-ED91D67A0FDB}"
EndProject
Project("{FAE04EC0-301F-11D3-BF4B-00C04F79EFBC}") = "Problem solving C#", "..\Problem solving C#\Problem solving C#.csproj", "{38E433A5-78C9-4929-A7DA-17389BCD7CBE}"
EndProject
Project("{FAE04EC0-301F-11D3-BF4B-00C04F79EFBC}") = "Insite-1_20_2025(OOP)", "..\Insite-1_20_2025(OOP)\Insite-1_20_2025(OOP).csproj", "{5D2150D0-B0A1-4E19-9B0C-DE184C316B4E}"
EndProject
Project("{FAE04EC0-301F-11D3-BF4B-00C04F79EFBC}") = "Task3", "..\Task3\Task3.csproj", "{BF2B5777-21E3-4E3A-8868-39A2A81F1C65}"
EndProject
Project("{FAE04EC0-301F-11D3-BF4B-00C04F79EFBC}") = "21_1", "..\21_1\21_1.csproj", "{6DAE2EEF-BF61-4439-9A8C-C90F93CBAB93}"
EndProject
Project("{FAE04EC0-301F-11D3-BF4B-00C04F79EFBC}") = "Task4", "..\Task4\Task4.csproj", "{F41072F3-2756-4259-9083-0B94ED12D0B5}"
EndProject
Global
	GlobalSection(SolutionConfigurationPlatforms) = preSolution
		Debug|Any CPU = Debug|Any CPU
		Release|Any CPU = Release|Any CPU
	EndGlobalSection
	GlobalSection(ProjectConfigurationPlatforms) = postSolution
		{95AF8BD6-1A32-4802-B230-ED91D67A0FDB}.Debug|Any CPU.ActiveCfg = Debug|Any CPU
		{95AF8BD6-1A32-4802-B230-ED91D67A0FDB}.Debug|Any CPU.Build.0 = Debug|Any CPU
		{95AF8BD6-1A32-4802-B230-ED91D67A0FDB}.Release|Any CPU.ActiveCfg = Release|Any CPU
		{95AF8BD6-1A32-4802-B230-ED91D67A0FDB}.Release|Any CPU.Build.0 = Release|Any CPU
		{38E433A5-78C9-4929-A7DA-17389BCD7CBE}.Debug|Any CPU.ActiveCfg = Debug|Any CPU
		{38E433A5-78C9-4929-A7DA-17389BCD7CBE}.Debug|Any CPU.Build.0 = Debug|Any CPU
		{38E433A5-78C9-4929-A7DA-17389BCD7CBE}.Release|Any CPU.ActiveCfg = Release|Any CPU
		{38E433A5-78C9-4929-A7DA-17389BCD7CBE}.Release|Any CPU.Build.0 = Release|Any CPU
		{5D2150D0-B0A1-4E19-9B0C-DE184C316B4E}.Debug|Any CPU.ActiveCfg = Debug|Any CPU
		{5D2150D0-B0A1-4E19-9B0C-DE184C316B4E}.Debug|Any CPU.Build.0 = Debug|Any CPU
		{5D2150D0-B0A1-4E19-9B0C-DE184C316B4E}.Release|Any CPU.ActiveCfg = Release|Any CPU
		{5D2150D0-B0A1-4E19-9B0C-DE184C316B4E}.Release|Any CPU.Build.0 = Release|Any CPU
		{BF2B5777-21E3-4E3A-8868-39A2A81F1C65}.Debug|Any CPU.ActiveCfg = Debug|Any CPU
		{BF2B5777-21E3-4E3A-8868-39A2A81F1C65}.Debug|Any CPU.Build.0 = Debug|Any CPU
		{BF2B5777-21E3-4E3A-8868-39A2A81F1C65}.Release|Any CPU.ActiveCfg = Release|Any CPU
		{BF2B5777-21E3-4E3A-8868-39A2A81F1C65}.Release|Any CPU.Build.0 = Release|Any CPU
		{6DAE2EEF-BF61-4439-9A8C-C90F93CBAB93}.Debug|Any CPU.ActiveCfg = Debug|Any CPU
		{6DAE2EEF-BF61-4439-9A8C-C90F93CBAB93}.Debug|Any CPU.Build.0 = Debug|Any CPU
		{6DAE2EEF-BF61-4439-9A8C-C90F93CBAB93}.Release|Any CPU.ActiveCfg = Release|Any CPU
		{6DAE2EEF-BF61-4439-9A8C-C90F93CBAB93}.Release|Any CPU.Build.0 = Release|Any CPU
		{F41072F3-2756-4259-9083-0B94ED12D0B5}.Debug|Any CPU.ActiveCfg = Debug|Any CPU
		{F41072F3-2756-4259-9083-0B94ED12D0B5}.Debug|Any CPU.Build.0 = Debug|Any CPU
		{F41072F3-2756-4259-9083-0B94ED12D0B5}.Release|Any CPU.ActiveCfg = Release|Any CPU
		{F41072F3-2756-4259-9083-0B94ED12D0B5}.Release|Any CPU.Build.0 = Release|Any CPU
	EndGlobalSection
	GlobalSection(SolutionProperties) = preSolution
		HideSolutionNode = FALSE
	EndGlobalSection
EndGlobal
